
Microsoft Visual Studio Solution File, Format Version 12.00
# Visual Studio Version 17
VisualStudioVersion = 17.14.36623.8 d17.14
MinimumVisualStudioVersion = 10.0.40219.1
Project("{FAE04EC0-301F-11D3-BF4B-00C04F79EFBC}") = "MyNotifier", "MyNotifier\MyNotifier.csproj", "{48C67395-3B1D-4997-94E6-2CAF5E37863E}"
EndProject
Global
	GlobalSection(SolutionConfigurationPlatforms) = preSolution
		Debug|Any CPU = Debug|Any CPU
		Release|Any CPU = Release|Any CPU
	EndGlobalSection
	GlobalSection(ProjectConfigurationPlatforms) = postSolution
		{48C67395-3B1D-4997-94E6-2CAF5E37863E}.Debug|Any CPU.ActiveCfg = Debug|Any CPU
		{48C67395-3B1D-4997-94E6-2CAF5E37863E}.Debug|Any CPU.Build.0 = Debug|Any CPU
		{48C67395-3B1D-4997-94E6-2CAF5E37863E}.Release|Any CPU.ActiveCfg = Release|Any CPU
		{48C67395-3B1D-4997-94E6-2CAF5E37863E}.Release|Any CPU.Build.0 = Release|Any CPU
	EndGlobalSection
	GlobalSection(SolutionProperties) = preSolution
		HideSolutionNode = FALSE
	EndGlobalSection
	GlobalSection(ExtensibilityGlobals) = postSolution
		SolutionGuid = {1BD037BF-F958-4EEB-B6A4-A46667D25879}
	EndGlobalSection
EndGlobal
