
Microsoft Visual Studio Solution File, Format Version 12.00
# Visual Studio Version 17
VisualStudioVersion = 17.14.36623.8
MinimumVisualStudioVersion = 10.0.40219.1
Project("{FAE04EC0-301F-11D3-BF4B-00C04F79EFBC}") = "MyNotifier", "MyNotifier\MyNotifier.csproj", "{C1D8C68B-7D0F-4098-A4E5-3B0BF6D2AC8C}"
EndProject
Global
	GlobalSection(SolutionConfigurationPlatforms) = preSolution
		Debug|Any CPU = Debug|Any CPU
		Release|Any CPU = Release|Any CPU
	EndGlobalSection
	GlobalSection(ProjectConfigurationPlatforms) = postSolution
		{C1D8C68B-7D0F-4098-A4E5-3B0BF6D2AC8C}.Debug|Any CPU.ActiveCfg = Debug|Any CPU
		{C1D8C68B-7D0F-4098-A4E5-3B0BF6D2AC8C}.Debug|Any CPU.Build.0 = Debug|Any CPU
		{C1D8C68B-7D0F-4098-A4E5-3B0BF6D2AC8C}.Release|Any CPU.ActiveCfg = Release|Any CPU
		{C1D8C68B-7D0F-4098-A4E5-3B0BF6D2AC8C}.Release|Any CPU.Build.0 = Release|Any CPU
	EndGlobalSection
	GlobalSection(SolutionProperties) = preSolution
		HideSolutionNode = FALSE
	EndGlobalSection
	GlobalSection(ExtensibilityGlobals) = postSolution
		SolutionGuid = {1BD037BF-F958-4EEB-B6A4-A46667D25879}
	EndGlobalSection
EndGlobal
